{
    "_meta": {
        "hash": {
            "sha256": "eefd917dc62839155348620cbc44c79b73c38b3127c2c1c0d54485d0991e1ddb"
        },
        "pipfile-spec": 6,
        "requires": {
            "python_version": "3.6"
        },
        "sources": [
            {
                "name": "pypi",
                "url": "https://pypi.org/simple",
                "verify_ssl": true
            }
        ]
    },
    "default": {
        "certifi": {
            "hashes": [
                "sha256:47f9c83ef4c0c621eaef743f133f09fa8a74a9b75f037e8624f83bd1b6626cb7",
                "sha256:993f830721089fef441cdfeb4b2c8c9df86f0c63239f06bd025a76a7daddb033"
            ],
            "version": "==2018.11.29"
        },
        "chardet": {
            "hashes": [
                "sha256:84ab92ed1c4d4f16916e05906b6b75a6c0fb5db821cc65e70cbd64a3e2a5eaae",
                "sha256:fc323ffcaeaed0e0a02bf4d117757b98aed530d9ed4531e3e15460124c106691"
            ],
            "version": "==3.0.4"
        },
        "idna": {
            "hashes": [
                "sha256:c357b3f628cf53ae2c4c05627ecc484553142ca23264e593d327bcde5e9c3407",
                "sha256:ea8b7f6188e6fa117537c3df7da9fc686d485087abf6ac197f9c46432f7e4a3c"
            ],
            "version": "==2.8"
        },
        "pycryptodome": {
            "hashes": [
                "sha256:06b779be9736710c109234f28ebef90ff6615c70c335e782d4f6d983c0c66b57",
                "sha256:0cfa2a1d9ec697b8924729e86443d2b8fd8dbad0ca4cd322e9507d8b77fb71a0",
                "sha256:0d6613ccd561eb6ef7029d59a47f58e63d840dcee0ed2eda19dafceaffe1e544",
                "sha256:0f37f03864dc05b70ce11c023dea78f6af4f19adb48651976d512ba4d7210942",
                "sha256:16f38a3d9735054cefaa0a5e272395aab585e7eb585cb1609cbea78e69a8da61",
                "sha256:1a222250e43f3c659b4ebd5df3e11c2f112aab6aef58e38af55ef5678b9f0636",
                "sha256:23df2d665c7f52ddf467d405de355b1ffbd08944442677bb072b33599748e09d",
                "sha256:624de350bc8f346da0f536b1dee6bd19b40c99fb783ba1ed09caceb783904fca",
                "sha256:733729141cf2e0706188f905fec9b27d40dd5a8e5ec232f95b82437e15c9ebf3",
                "sha256:737248b34df3231ba77fad50897a267cc0718a3ecd71b1eb9d92605a2d12d32e",
                "sha256:825af2416abf8be0441c2b632d4a0825ce96033cab36b0ea008a71afc7e6ca17",
                "sha256:8403b5adaabcaf7594331ce99a5eb834d0de5ce8f29d174db3f420b0fc450b77",
                "sha256:861442e3bc8680b47c7c9bfcd34fd9a3683cd179e3e4eaaba13c60af2ce3a8d6",
                "sha256:97e2fa022e2e92afbac4d9bc3c7263f7e6813b01b88398d7eb48dd000cfc81cb",
                "sha256:9f9b9dbabf286e35a6c4a3724fe48fe977acb0005aa6f08318960ac287108c1c",
                "sha256:a94ccb190cf8b1e0352d2b5f8984a44b3da0dfffdce21c4f3a6b8dc84d95e17a",
                "sha256:b9671b3ee8104deabee682f40540d65faf098bccb4d65bdd70eeccd87346856d",
                "sha256:be2403e4b65272516d7b3eeed73de0dbddf9802487c6faf2b202679def520c54",
                "sha256:c02ad68c49d959f724f26a4861deefc4aad25a5e970e40dedeeaf0627140605d",
                "sha256:ca78f78dde52ccd1b4654d8911d9b33015bf3cf54385a664f248a11af7896d44",
                "sha256:ce889584b07174047b554c17df9c48357134c48b517ef7008599e5677919e8d0",
                "sha256:d0d41c7338753e9e12bf685c7b5c0c8d2df070c6af8b7e7dc8fa0ccab20a4c05",
                "sha256:da05447b79754f703e53dae7b381d82234e062b5ca03cb96e64adc887d508dfd",
                "sha256:db53ea88fb38e3e054c2cb7d765b5dc4cea411b19be336e748b9b29f1b696ee5",
                "sha256:e7eb9ffaf5757f76c25761fc6fce2aaecbbaf145c0743bd146d86ba038899bf1",
                "sha256:ee5a6bba5a7517676a6afdf98ae4f65440132ed4a736c7c1fe762b464365a900",
                "sha256:f162644a8618c85cc29a3b998cea76c790220677461c9b6fffcb8fc7b0ae4335",
                "sha256:f6ab3c50b360160c38cb833f8855a42b9aa05ca30366a99bece8f161fa0c622b"
            ],
            "index": "pypi",
            "version": "==3.7.3"
        },
        "requests": {
            "hashes": [
                "sha256:502a824f31acdacb3a35b6690b5fbf0bc41d63a24a45c4004352b0242707598e",
                "sha256:7bf2a778576d825600030a110f3c0e3e8edc51dfaafe1c146e39a2027784957b"
            ],
            "index": "pypi",
            "version": "==2.21.0"
        },
        "urllib3": {
            "hashes": [
                "sha256:61bf29cada3fc2fbefad4fdf059ea4bd1b4a86d2b6d15e1c7c0b582b9752fe39",
                "sha256:de9529817c93f27c8ccbfead6985011db27bd0ddfcdb2d86f3f663385c6a9c22"
            ],
            "version": "==1.24.1"
        }
    },
    "develop": {}
}
